
Microsoft Visual Studio Solution File, Format Version 12.00
# Visual Studio Version 16
VisualStudioVersion = 16.0.30114.105
MinimumVisualStudioVersion = 10.0.40219.1
Project("{8BC9CEB8-8B4A-11D0-8D11-00A0C91BC942}") = "Project_solo", "Project_solo\Project_solo.vcxproj", "{C2AC90B4-3450-487A-B461-9A9B9AFC6002}"
EndProject
Global
	GlobalSection(SolutionConfigurationPlatforms) = preSolution
		Debug|x64 = Debug|x64
		Debug|x86 = Debug|x86
		Release|x64 = Release|x64
		Release|x86 = Release|x86
	EndGlobalSection
	GlobalSection(ProjectConfigurationPlatforms) = postSolution
		{C2AC90B4-3450-487A-B461-9A9B9AFC6002}.Debug|x64.ActiveCfg = Debug|x64
		{C2AC90B4-3450-487A-B461-9A9B9AFC6002}.Debug|x64.Build.0 = Debug|x64
		{C2AC90B4-3450-487A-B461-9A9B9AFC6002}.Debug|x86.ActiveCfg = Debug|Win32
		{C2AC90B4-3450-487A-B461-9A9B9AFC6002}.Debug|x86.Build.0 = Debug|Win32
		{C2AC90B4-3450-487A-B461-9A9B9AFC6002}.Release|x64.ActiveCfg = Release|x64
		{C2AC90B4-3450-487A-B461-9A9B9AFC6002}.Release|x64.Build.0 = Release|x64
		{C2AC90B4-3450-487A-B461-9A9B9AFC6002}.Release|x86.ActiveCfg = Release|Win32
		{C2AC90B4-3450-487A-B461-9A9B9AFC6002}.Release|x86.Build.0 = Release|Win32
	EndGlobalSection
	GlobalSection(SolutionProperties) = preSolution
		HideSolutionNode = FALSE
	EndGlobalSection
	GlobalSection(ExtensibilityGlobals) = postSolution
		SolutionGuid = {A9385FF2-BA4C-466F-98BF-AB19D6A0B3E6}
	EndGlobalSection
EndGlobal
